
Microsoft Visual Studio Solution File, Format Version 12.00
# Visual Studio Version 16
VisualStudioVersion = 16.0.30804.86
MinimumVisualStudioVersion = 10.0.40219.1
Project("{9092AA53-FB77-4645-B42D-1CCCA6BD08BD}") = "ToDoProjesi", "ToDoProjesi\ToDoProjesi.njsproj", "{DCAC43A5-59DB-4863-A835-8376793CFB11}"
EndProject
Global
	GlobalSection(SolutionConfigurationPlatforms) = preSolution
		Debug|Any CPU = Debug|Any CPU
		Release|Any CPU = Release|Any CPU
	EndGlobalSection
	GlobalSection(ProjectConfigurationPlatforms) = postSolution
		{DCAC43A5-59DB-4863-A835-8376793CFB11}.Debug|Any CPU.ActiveCfg = Debug|Any CPU
		{DCAC43A5-59DB-4863-A835-8376793CFB11}.Debug|Any CPU.Build.0 = Debug|Any CPU
		{DCAC43A5-59DB-4863-A835-8376793CFB11}.Release|Any CPU.ActiveCfg = Release|Any CPU
		{DCAC43A5-59DB-4863-A835-8376793CFB11}.Release|Any CPU.Build.0 = Release|Any CPU
	EndGlobalSection
	GlobalSection(SolutionProperties) = preSolution
		HideSolutionNode = FALSE
	EndGlobalSection
	GlobalSection(ExtensibilityGlobals) = postSolution
		SolutionGuid = {6C68F116-FAFD-430E-B23E-3A83451521D3}
	EndGlobalSection
EndGlobal
